// !$*UTF8*$!
{
	archiveVersion = 1;
	classes = {
	};
	objectVersion = 50;
	objects = {

/* Begin PBXBuildFile section */
		2D0C7D5322BEBB1700B4830A /* EntryListTableViewCell.swift in Sources */ = {isa = PBXBuildFile; fileRef = 2D0C7D5222BEBB1700B4830A /* EntryListTableViewCell.swift */; };
		2D0C7D5522BEC75500B4830A /* AddReminderViewController.swift in Sources */ = {isa = PBXBuildFile; fileRef = 2D0C7D5422BEC75500B4830A /* AddReminderViewController.swift */; };
		2D87E23122BBFB8400A9266D /* CheckListItem.swift in Sources */ = {isa = PBXBuildFile; fileRef = 2D87E23022BBFB8400A9266D /* CheckListItem.swift */; };
		2D87E23522BC001300A9266D /* Extensions.swift in Sources */ = {isa = PBXBuildFile; fileRef = 2D87E23422BC001300A9266D /* Extensions.swift */; };
		2D87E23722BC247D00A9266D /* CoreDataManager.swift in Sources */ = {isa = PBXBuildFile; fileRef = 2D87E23622BC247D00A9266D /* CoreDataManager.swift */; };
		2D87E23922BC24DF00A9266D /* EntryManager.swift in Sources */ = {isa = PBXBuildFile; fileRef = 2D87E23822BC24DF00A9266D /* EntryManager.swift */; };
		2D95C84F22BD5689004441C3 /* CheckListTableViewCell.swift in Sources */ = {isa = PBXBuildFile; fileRef = 2D95C84E22BD5689004441C3 /* CheckListTableViewCell.swift */; };
		2D98D00522C1489C00777FB9 /* NotificationManager.swift in Sources */ = {isa = PBXBuildFile; fileRef = 2D98D00422C1489C00777FB9 /* NotificationManager.swift */; };
		2DA38ACB22BEA5CA00FE6393 /* Protocol.swift in Sources */ = {isa = PBXBuildFile; fileRef = 2DA38ACA22BEA5CA00FE6393 /* Protocol.swift */; };
		2DC47C3322BAE45800315A1F /* AppDelegate.swift in Sources */ = {isa = PBXBuildFile; fileRef = 2DC47C3222BAE45800315A1F /* AppDelegate.swift */; };
		2DC47C3522BAE45800315A1F /* MasterViewController.swift in Sources */ = {isa = PBXBuildFile; fileRef = 2DC47C3422BAE45800315A1F /* MasterViewController.swift */; };
		2DC47C3722BAE45800315A1F /* DetailViewController.swift in Sources */ = {isa = PBXBuildFile; fileRef = 2DC47C3622BAE45800315A1F /* DetailViewController.swift */; };
		2DC47C3A22BAE45800315A1F /* Main.storyboard in Resources */ = {isa = PBXBuildFile; fileRef = 2DC47C3822BAE45800315A1F /* Main.storyboard */; };
		2DC47C3C22BAE45A00315A1F /* Assets.xcassets in Resources */ = {isa = PBXBuildFile; fileRef = 2DC47C3B22BAE45A00315A1F /* Assets.xcassets */; };
		2DC47C3F22BAE45A00315A1F /* LaunchScreen.storyboard in Resources */ = {isa = PBXBuildFile; fileRef = 2DC47C3D22BAE45A00315A1F /* LaunchScreen.storyboard */; };
		2DC47C4A22BAE45A00315A1F /* Space_LogTests.swift in Sources */ = {isa = PBXBuildFile; fileRef = 2DC47C4922BAE45A00315A1F /* Space_LogTests.swift */; };
		2DC47C5622BAE5E800315A1F /* Entry.xcdatamodeld in Sources */ = {isa = PBXBuildFile; fileRef = 2DC47C5422BAE5E800315A1F /* Entry.xcdatamodeld */; };
/* End PBXBuildFile section */

/* Begin PBXContainerItemProxy section */
		2DC47C4622BAE45A00315A1F /* PBXContainerItemProxy */ = {
			isa = PBXContainerItemProxy;
			containerPortal = 2DC47C2722BAE45800315A1F /* Project object */;
			proxyType = 1;
			remoteGlobalIDString = 2DC47C2E22BAE45800315A1F;
			remoteInfo = "Space Log";
		};
/* End PBXContainerItemProxy section */

/* Begin PBXFileReference section */
		2D0C7D5222BEBB1700B4830A /* EntryListTableViewCell.swift */ = {isa = PBXFileReference; lastKnownFileType = sourcecode.swift; path = EntryListTableViewCell.swift; sourceTree = "<group>"; };
		2D0C7D5422BEC75500B4830A /* AddReminderViewController.swift */ = {isa = PBXFileReference; lastKnownFileType = sourcecode.swift; path = AddReminderViewController.swift; sourceTree = "<group>"; };
		2D87E23022BBFB8400A9266D /* CheckListItem.swift */ = {isa = PBXFileReference; lastKnownFileType = sourcecode.swift; path = CheckListItem.swift; sourceTree = "<group>"; };
		2D87E23422BC001300A9266D /* Extensions.swift */ = {isa = PBXFileReference; lastKnownFileType = sourcecode.swift; path = Extensions.swift; sourceTree = "<group>"; };
		2D87E23622BC247D00A9266D /* CoreDataManager.swift */ = {isa = PBXFileReference; lastKnownFileType = sourcecode.swift; path = CoreDataManager.swift; sourceTree = "<group>"; };
		2D87E23822BC24DF00A9266D /* EntryManager.swift */ = {isa = PBXFileReference; lastKnownFileType = sourcecode.swift; path = EntryManager.swift; sourceTree = "<group>"; };
		2D95C84E22BD5689004441C3 /* CheckListTableViewCell.swift */ = {isa = PBXFileReference; lastKnownFileType = sourcecode.swift; path = CheckListTableViewCell.swift; sourceTree = "<group>"; };
		2D98D00422C1489C00777FB9 /* NotificationManager.swift */ = {isa = PBXFileReference; lastKnownFileType = sourcecode.swift; path = NotificationManager.swift; sourceTree = "<group>"; };
		2D98D00622C165C500777FB9 /* Space Log.entitlements */ = {isa = PBXFileReference; lastKnownFileType = text.plist.entitlements; path = "Space Log.entitlements"; sourceTree = "<group>"; };
		2DA38ACA22BEA5CA00FE6393 /* Protocol.swift */ = {isa = PBXFileReference; lastKnownFileType = sourcecode.swift; path = Protocol.swift; sourceTree = "<group>"; };
		2DC47C2F22BAE45800315A1F /* Space Log.app */ = {isa = PBXFileReference; explicitFileType = wrapper.application; includeInIndex = 0; path = "Space Log.app"; sourceTree = BUILT_PRODUCTS_DIR; };
		2DC47C3222BAE45800315A1F /* AppDelegate.swift */ = {isa = PBXFileReference; lastKnownFileType = sourcecode.swift; path = AppDelegate.swift; sourceTree = "<group>"; };
		2DC47C3422BAE45800315A1F /* MasterViewController.swift */ = {isa = PBXFileReference; lastKnownFileType = sourcecode.swift; path = MasterViewController.swift; sourceTree = "<group>"; };
		2DC47C3622BAE45800315A1F /* DetailViewController.swift */ = {isa = PBXFileReference; lastKnownFileType = sourcecode.swift; path = DetailViewController.swift; sourceTree = "<group>"; };
		2DC47C3922BAE45800315A1F /* Base */ = {isa = PBXFileReference; lastKnownFileType = file.storyboard; name = Base; path = Base.lproj/Main.storyboard; sourceTree = "<group>"; };
		2DC47C3B22BAE45A00315A1F /* Assets.xcassets */ = {isa = PBXFileReference; lastKnownFileType = folder.assetcatalog; path = Assets.xcassets; sourceTree = "<group>"; };
		2DC47C3E22BAE45A00315A1F /* Base */ = {isa = PBXFileReference; lastKnownFileType = file.storyboard; name = Base; path = Base.lproj/LaunchScreen.storyboard; sourceTree = "<group>"; };
		2DC47C4022BAE45A00315A1F /* Info.plist */ = {isa = PBXFileReference; lastKnownFileType = text.plist.xml; path = Info.plist; sourceTree = "<group>"; };
		2DC47C4522BAE45A00315A1F /* Space LogTests.xctest */ = {isa = PBXFileReference; explicitFileType = wrapper.cfbundle; includeInIndex = 0; path = "Space LogTests.xctest"; sourceTree = BUILT_PRODUCTS_DIR; };
		2DC47C4922BAE45A00315A1F /* Space_LogTests.swift */ = {isa = PBXFileReference; lastKnownFileType = sourcecode.swift; path = Space_LogTests.swift; sourceTree = "<group>"; };
		2DC47C4B22BAE45A00315A1F /* Info.plist */ = {isa = PBXFileReference; lastKnownFileType = text.plist.xml; path = Info.plist; sourceTree = "<group>"; };
		2DC47C5522BAE5E800315A1F /* Entry.xcdatamodel */ = {isa = PBXFileReference; lastKnownFileType = wrapper.xcdatamodel; path = Entry.xcdatamodel; sourceTree = "<group>"; };
/* End PBXFileReference section */

/* Begin PBXFrameworksBuildPhase section */
		2DC47C2C22BAE45800315A1F /* Frameworks */ = {
			isa = PBXFrameworksBuildPhase;
			buildActionMask = 2147483647;
			files = (
			);
			runOnlyForDeploymentPostprocessing = 0;
		};
		2DC47C4222BAE45A00315A1F /* Frameworks */ = {
			isa = PBXFrameworksBuildPhase;
			buildActionMask = 2147483647;
			files = (
			);
			runOnlyForDeploymentPostprocessing = 0;
		};
/* End PBXFrameworksBuildPhase section */

/* Begin PBXGroup section */
		2D87E23222BBFEDC00A9266D /* Models */ = {
			isa = PBXGroup;
			children = (
				2D87E23022BBFB8400A9266D /* CheckListItem.swift */,
				2D87E23622BC247D00A9266D /* CoreDataManager.swift */,
				2D87E23822BC24DF00A9266D /* EntryManager.swift */,
				2D98D00422C1489C00777FB9 /* NotificationManager.swift */,
			);
			path = Models;
			sourceTree = "<group>";
		};
		2D87E23322BBFEF100A9266D /* Views */ = {
			isa = PBXGroup;
			children = (
				2DC47C3422BAE45800315A1F /* MasterViewController.swift */,
				2D0C7D5222BEBB1700B4830A /* EntryListTableViewCell.swift */,
				2DC47C3622BAE45800315A1F /* DetailViewController.swift */,
				2D95C84E22BD5689004441C3 /* CheckListTableViewCell.swift */,
				2D0C7D5422BEC75500B4830A /* AddReminderViewController.swift */,
			);
			path = Views;
			sourceTree = "<group>";
		};
		2DC47C2622BAE45800315A1F = {
			isa = PBXGroup;
			children = (
				2DC47C3122BAE45800315A1F /* Space Log */,
				2DC47C4822BAE45A00315A1F /* Space LogTests */,
				2DC47C3022BAE45800315A1F /* Products */,
			);
			sourceTree = "<group>";
		};
		2DC47C3022BAE45800315A1F /* Products */ = {
			isa = PBXGroup;
			children = (
				2DC47C2F22BAE45800315A1F /* Space Log.app */,
				2DC47C4522BAE45A00315A1F /* Space LogTests.xctest */,
			);
			name = Products;
			sourceTree = "<group>";
		};
		2DC47C3122BAE45800315A1F /* Space Log */ = {
			isa = PBXGroup;
			children = (
				2D98D00622C165C500777FB9 /* Space Log.entitlements */,
				2DC47C3222BAE45800315A1F /* AppDelegate.swift */,
				2D87E23222BBFEDC00A9266D /* Models */,
				2D87E23322BBFEF100A9266D /* Views */,
				2DC47C3822BAE45800315A1F /* Main.storyboard */,
				2DC47C3B22BAE45A00315A1F /* Assets.xcassets */,
				2DC47C3D22BAE45A00315A1F /* LaunchScreen.storyboard */,
				2DA38ACA22BEA5CA00FE6393 /* Protocol.swift */,
				2DC47C5422BAE5E800315A1F /* Entry.xcdatamodeld */,
				2D87E23422BC001300A9266D /* Extensions.swift */,
				2DC47C4022BAE45A00315A1F /* Info.plist */,
			);
			path = "Space Log";
			sourceTree = "<group>";
		};
		2DC47C4822BAE45A00315A1F /* Space LogTests */ = {
			isa = PBXGroup;
			children = (
				2DC47C4922BAE45A00315A1F /* Space_LogTests.swift */,
				2DC47C4B22BAE45A00315A1F /* Info.plist */,
			);
			path = "Space LogTests";
			sourceTree = "<group>";
		};
/* End PBXGroup section */

/* Begin PBXNativeTarget section */
		2DC47C2E22BAE45800315A1F /* Space Log */ = {
			isa = PBXNativeTarget;
			buildConfigurationList = 2DC47C4E22BAE45A00315A1F /* Build configuration list for PBXNativeTarget "Space Log" */;
			buildPhases = (
				2DC47C2B22BAE45800315A1F /* Sources */,
				2DC47C2C22BAE45800315A1F /* Frameworks */,
				2DC47C2D22BAE45800315A1F /* Resources */,
			);
			buildRules = (
			);
			dependencies = (
			);
			name = "Space Log";
			productName = "Space Log";
			productReference = 2DC47C2F22BAE45800315A1F /* Space Log.app */;
			productType = "com.apple.product-type.application";
		};
		2DC47C4422BAE45A00315A1F /* Space LogTests */ = {
			isa = PBXNativeTarget;
			buildConfigurationList = 2DC47C5122BAE45A00315A1F /* Build configuration list for PBXNativeTarget "Space LogTests" */;
			buildPhases = (
				2DC47C4122BAE45A00315A1F /* Sources */,
				2DC47C4222BAE45A00315A1F /* Frameworks */,
				2DC47C4322BAE45A00315A1F /* Resources */,
			);
			buildRules = (
			);
			dependencies = (
				2DC47C4722BAE45A00315A1F /* PBXTargetDependency */,
			);
			name = "Space LogTests";
			productName = "Space LogTests";
			productReference = 2DC47C4522BAE45A00315A1F /* Space LogTests.xctest */;
			productType = "com.apple.product-type.bundle.unit-test";
		};
/* End PBXNativeTarget section */

/* Begin PBXProject section */
		2DC47C2722BAE45800315A1F /* Project object */ = {
			isa = PBXProject;
			attributes = {
				LastSwiftUpdateCheck = 1020;
				LastUpgradeCheck = 1020;
				ORGANIZATIONNAME = "Kate Duncan-Welke";
				TargetAttributes = {
					2DC47C2E22BAE45800315A1F = {
						CreatedOnToolsVersion = 10.2.1;
						SystemCapabilities = {
							com.apple.Push = {
								enabled = 1;
							};
						};
					};
					2DC47C4422BAE45A00315A1F = {
						CreatedOnToolsVersion = 10.2.1;
						TestTargetID = 2DC47C2E22BAE45800315A1F;
					};
				};
			};
			buildConfigurationList = 2DC47C2A22BAE45800315A1F /* Build configuration list for PBXProject "Space Log" */;
			compatibilityVersion = "Xcode 9.3";
			developmentRegion = en;
			hasScannedForEncodings = 0;
			knownRegions = (
				en,
				Base,
			);
			mainGroup = 2DC47C2622BAE45800315A1F;
			productRefGroup = 2DC47C3022BAE45800315A1F /* Products */;
			projectDirPath = "";
			projectRoot = "";
			targets = (
				2DC47C2E22BAE45800315A1F /* Space Log */,
				2DC47C4422BAE45A00315A1F /* Space LogTests */,
			);
		};
/* End PBXProject section */

/* Begin PBXResourcesBuildPhase section */
		2DC47C2D22BAE45800315A1F /* Resources */ = {
			isa = PBXResourcesBuildPhase;
			buildActionMask = 2147483647;
			files = (
				2DC47C3F22BAE45A00315A1F /* LaunchScreen.storyboard in Resources */,
				2DC47C3C22BAE45A00315A1F /* Assets.xcassets in Resources */,
				2DC47C3A22BAE45800315A1F /* Main.storyboard in Resources */,
			);
			runOnlyForDeploymentPostprocessing = 0;
		};
		2DC47C4322BAE45A00315A1F /* Resources */ = {
			isa = PBXResourcesBuildPhase;
			buildActionMask = 2147483647;
			files = (
			);
			runOnlyForDeploymentPostprocessing = 0;
		};
/* End PBXResourcesBuildPhase section */

/* Begin PBXSourcesBuildPhase section */
		2DC47C2B22BAE45800315A1F /* Sources */ = {
			isa = PBXSourcesBuildPhase;
			buildActionMask = 2147483647;
			files = (
				2DC47C5622BAE5E800315A1F /* Entry.xcdatamodeld in Sources */,
				2D0C7D5322BEBB1700B4830A /* EntryListTableViewCell.swift in Sources */,
				2D87E23522BC001300A9266D /* Extensions.swift in Sources */,
				2D87E23922BC24DF00A9266D /* EntryManager.swift in Sources */,
				2D0C7D5522BEC75500B4830A /* AddReminderViewController.swift in Sources */,
				2D95C84F22BD5689004441C3 /* CheckListTableViewCell.swift in Sources */,
				2D98D00522C1489C00777FB9 /* NotificationManager.swift in Sources */,
				2DC47C3722BAE45800315A1F /* DetailViewController.swift in Sources */,
				2DC47C3522BAE45800315A1F /* MasterViewController.swift in Sources */,
				2D87E23122BBFB8400A9266D /* CheckListItem.swift in Sources */,
				2D87E23722BC247D00A9266D /* CoreDataManager.swift in Sources */,
				2DC47C3322BAE45800315A1F /* AppDelegate.swift in Sources */,
				2DA38ACB22BEA5CA00FE6393 /* Protocol.swift in Sources */,
			);
			runOnlyForDeploymentPostprocessing = 0;
		};
		2DC47C4122BAE45A00315A1F /* Sources */ = {
			isa = PBXSourcesBuildPhase;
			buildActionMask = 2147483647;
			files = (
				2DC47C4A22BAE45A00315A1F /* Space_LogTests.swift in Sources */,
			);
			runOnlyForDeploymentPostprocessing = 0;
		};
/* End PBXSourcesBuildPhase section */

/* Begin PBXTargetDependency section */
		2DC47C4722BAE45A00315A1F /* PBXTargetDependency */ = {
			isa = PBXTargetDependency;
			target = 2DC47C2E22BAE45800315A1F /* Space Log */;
			targetProxy = 2DC47C4622BAE45A00315A1F /* PBXContainerItemProxy */;
		};
/* End PBXTargetDependency section */

/* Begin PBXVariantGroup section */
		2DC47C3822BAE45800315A1F /* Main.storyboard */ = {
			isa = PBXVariantGroup;
			children = (
				2DC47C3922BAE45800315A1F /* Base */,
			);
			name = Main.storyboard;
			sourceTree = "<group>";
		};
		2DC47C3D22BAE45A00315A1F /* LaunchScreen.storyboard */ = {
			isa = PBXVariantGroup;
			children = (
				2DC47C3E22BAE45A00315A1F /* Base */,
			);
			name = LaunchScreen.storyboard;
			sourceTree = "<group>";
		};
/* End PBXVariantGroup section */

/* Begin XCBuildConfiguration section */
		2DC47C4C22BAE45A00315A1F /* Debug */ = {
			isa = XCBuildConfiguration;
			buildSettings = {
				ALWAYS_SEARCH_USER_PATHS = NO;
				CLANG_ANALYZER_NONNULL = YES;
				CLANG_ANALYZER_NUMBER_OBJECT_CONVERSION = YES_AGGRESSIVE;
				CLANG_CXX_LANGUAGE_STANDARD = "gnu++14";
				CLANG_CXX_LIBRARY = "libc++";
				CLANG_ENABLE_MODULES = YES;
				CLANG_ENABLE_OBJC_ARC = YES;
				CLANG_ENABLE_OBJC_WEAK = YES;
				CLANG_WARN_BLOCK_CAPTURE_AUTORELEASING = YES;
				CLANG_WARN_BOOL_CONVERSION = YES;
				CLANG_WARN_COMMA = YES;
				CLANG_WARN_CONSTANT_CONVERSION = YES;
				CLANG_WARN_DEPRECATED_OBJC_IMPLEMENTATIONS = YES;
				CLANG_WARN_DIRECT_OBJC_ISA_USAGE = YES_ERROR;
				CLANG_WARN_DOCUMENTATION_COMMENTS = YES;
				CLANG_WARN_EMPTY_BODY = YES;
				CLANG_WARN_ENUM_CONVERSION = YES;
				CLANG_WARN_INFINITE_RECURSION = YES;
				CLANG_WARN_INT_CONVERSION = YES;
				CLANG_WARN_NON_LITERAL_NULL_CONVERSION = YES;
				CLANG_WARN_OBJC_IMPLICIT_RETAIN_SELF = YES;
				CLANG_WARN_OBJC_LITERAL_CONVERSION = YES;
				CLANG_WARN_OBJC_ROOT_CLASS = YES_ERROR;
				CLANG_WARN_RANGE_LOOP_ANALYSIS = YES;
				CLANG_WARN_STRICT_PROTOTYPES = YES;
				CLANG_WARN_SUSPICIOUS_MOVE = YES;
				CLANG_WARN_UNGUARDED_AVAILABILITY = YES_AGGRESSIVE;
				CLANG_WARN_UNREACHABLE_CODE = YES;
				CLANG_WARN__DUPLICATE_METHOD_MATCH = YES;
				CODE_SIGN_IDENTITY = "iPhone Developer";
				COPY_PHASE_STRIP = NO;
				DEBUG_INFORMATION_FORMAT = dwarf;
				ENABLE_STRICT_OBJC_MSGSEND = YES;
				ENABLE_TESTABILITY = YES;
				GCC_C_LANGUAGE_STANDARD = gnu11;
				GCC_DYNAMIC_NO_PIC = NO;
				GCC_NO_COMMON_BLOCKS = YES;
				GCC_OPTIMIZATION_LEVEL = 0;
				GCC_PREPROCESSOR_DEFINITIONS = (
					"DEBUG=1",
					"$(inherited)",
				);
				GCC_WARN_64_TO_32_BIT_CONVERSION = YES;
				GCC_WARN_ABOUT_RETURN_TYPE = YES_ERROR;
				GCC_WARN_UNDECLARED_SELECTOR = YES;
				GCC_WARN_UNINITIALIZED_AUTOS = YES_AGGRESSIVE;
				GCC_WARN_UNUSED_FUNCTION = YES;
				GCC_WARN_UNUSED_VARIABLE = YES;
				IPHONEOS_DEPLOYMENT_TARGET = 12.2;
				MTL_ENABLE_DEBUG_INFO = INCLUDE_SOURCE;
				MTL_FAST_MATH = YES;
				ONLY_ACTIVE_ARCH = YES;
				SDKROOT = iphoneos;
				SWIFT_ACTIVE_COMPILATION_CONDITIONS = DEBUG;
				SWIFT_OPTIMIZATION_LEVEL = "-Onone";
			};
			name = Debug;
		};
		2DC47C4D22BAE45A00315A1F /* Release */ = {
			isa = XCBuildConfiguration;
			buildSettings = {
				ALWAYS_SEARCH_USER_PATHS = NO;
				CLANG_ANALYZER_NONNULL = YES;
				CLANG_ANALYZER_NUMBER_OBJECT_CONVERSION = YES_AGGRESSIVE;
				CLANG_CXX_LANGUAGE_STANDARD = "gnu++14";
				CLANG_CXX_LIBRARY = "libc++";
				CLANG_ENABLE_MODULES = YES;
				CLANG_ENABLE_OBJC_ARC = YES;
				CLANG_ENABLE_OBJC_WEAK = YES;
				CLANG_WARN_BLOCK_CAPTURE_AUTORELEASING = YES;
				CLANG_WARN_BOOL_CONVERSION = YES;
				CLANG_WARN_COMMA = YES;
				CLANG_WARN_CONSTANT_CONVERSION = YES;
				CLANG_WARN_DEPRECATED_OBJC_IMPLEMENTATIONS = YES;
				CLANG_WARN_DIRECT_OBJC_ISA_USAGE = YES_ERROR;
				CLANG_WARN_DOCUMENTATION_COMMENTS = YES;
				CLANG_WARN_EMPTY_BODY = YES;
				CLANG_WARN_ENUM_CONVERSION = YES;
				CLANG_WARN_INFINITE_RECURSION = YES;
				CLANG_WARN_INT_CONVERSION = YES;
				CLANG_WARN_NON_LITERAL_NULL_CONVERSION = YES;
				CLANG_WARN_OBJC_IMPLICIT_RETAIN_SELF = YES;
				CLANG_WARN_OBJC_LITERAL_CONVERSION = YES;
				CLANG_WARN_OBJC_ROOT_CLASS = YES_ERROR;
				CLANG_WARN_RANGE_LOOP_ANALYSIS = YES;
				CLANG_WARN_STRICT_PROTOTYPES = YES;
				CLANG_WARN_SUSPICIOUS_MOVE = YES;
				CLANG_WARN_UNGUARDED_AVAILABILITY = YES_AGGRESSIVE;
				CLANG_WARN_UNREACHABLE_CODE = YES;
				CLANG_WARN__DUPLICATE_METHOD_MATCH = YES;
				CODE_SIGN_IDENTITY = "iPhone Developer";
				COPY_PHASE_STRIP = NO;
				DEBUG_INFORMATION_FORMAT = "dwarf-with-dsym";
				ENABLE_NS_ASSERTIONS = NO;
				ENABLE_STRICT_OBJC_MSGSEND = YES;
				GCC_C_LANGUAGE_STANDARD = gnu11;
				GCC_NO_COMMON_BLOCKS = YES;
				GCC_WARN_64_TO_32_BIT_CONVERSION = YES;
				GCC_WARN_ABOUT_RETURN_TYPE = YES_ERROR;
				GCC_WARN_UNDECLARED_SELECTOR = YES;
				GCC_WARN_UNINITIALIZED_AUTOS = YES_AGGRESSIVE;
				GCC_WARN_UNUSED_FUNCTION = YES;
				GCC_WARN_UNUSED_VARIABLE = YES;
				IPHONEOS_DEPLOYMENT_TARGET = 12.2;
				MTL_ENABLE_DEBUG_INFO = NO;
				MTL_FAST_MATH = YES;
				SDKROOT = iphoneos;
				SWIFT_COMPILATION_MODE = wholemodule;
				SWIFT_OPTIMIZATION_LEVEL = "-O";
				VALIDATE_PRODUCT = YES;
			};
			name = Release;
		};
		2DC47C4F22BAE45A00315A1F /* Debug */ = {
			isa = XCBuildConfiguration;
			buildSettings = {
				ASSETCATALOG_COMPILER_APPICON_NAME = AppIcon;
				CODE_SIGN_ENTITLEMENTS = "Space Log/Space Log.entitlements";
				CODE_SIGN_STYLE = Automatic;
				DEVELOPMENT_TEAM = A8R365GJ52;
				INFOPLIST_FILE = "Space Log/Info.plist";
				LD_RUNPATH_SEARCH_PATHS = (
					"$(inherited)",
					"@executable_path/Frameworks",
				);
				PRODUCT_BUNDLE_IDENTIFIER = "com.kduncan-welke.Space-Log";
				PRODUCT_NAME = "$(TARGET_NAME)";
				SWIFT_VERSION = 5.0;
				TARGETED_DEVICE_FAMILY = "1,2";
			};
			name = Debug;
		};
		2DC47C5022BAE45A00315A1F /* Release */ = {
			isa = XCBuildConfiguration;
			buildSettings = {
				ASSETCATALOG_COMPILER_APPICON_NAME = AppIcon;
				CODE_SIGN_ENTITLEMENTS = "Space Log/Space Log.entitlements";
				CODE_SIGN_STYLE = Automatic;
				DEVELOPMENT_TEAM = A8R365GJ52;
				INFOPLIST_FILE = "Space Log/Info.plist";
				LD_RUNPATH_SEARCH_PATHS = (
					"$(inherited)",
					"@executable_path/Frameworks",
				);
				PRODUCT_BUNDLE_IDENTIFIER = "com.kduncan-welke.Space-Log";
				PRODUCT_NAME = "$(TARGET_NAME)";
				SWIFT_VERSION = 5.0;
				TARGETED_DEVICE_FAMILY = "1,2";
			};
			name = Release;
		};
		2DC47C5222BAE45A00315A1F /* Debug */ = {
			isa = XCBuildConfiguration;
			buildSettings = {
				ALWAYS_EMBED_SWIFT_STANDARD_LIBRARIES = YES;
				BUNDLE_LOADER = "$(TEST_HOST)";
				CODE_SIGN_STYLE = Automatic;
				DEVELOPMENT_TEAM = A8R365GJ52;
				INFOPLIST_FILE = "Space LogTests/Info.plist";
				LD_RUNPATH_SEARCH_PATHS = (
					"$(inherited)",
					"@executable_path/Frameworks",
					"@loader_path/Frameworks",
				);
				PRODUCT_BUNDLE_IDENTIFIER = "com.kduncan-welke.Space-LogTests";
				PRODUCT_NAME = "$(TARGET_NAME)";
				SWIFT_VERSION = 5.0;
				TARGETED_DEVICE_FAMILY = "1,2";
				TEST_HOST = "$(BUILT_PRODUCTS_DIR)/Space Log.app/Space Log";
			};
			name = Debug;
		};
		2DC47C5322BAE45A00315A1F /* Release */ = {
			isa = XCBuildConfiguration;
			buildSettings = {
				ALWAYS_EMBED_SWIFT_STANDARD_LIBRARIES = YES;
				BUNDLE_LOADER = "$(TEST_HOST)";
				CODE_SIGN_STYLE = Automatic;
				DEVELOPMENT_TEAM = A8R365GJ52;
				INFOPLIST_FILE = "Space LogTests/Info.plist";
				LD_RUNPATH_SEARCH_PATHS = (
					"$(inherited)",
					"@executable_path/Frameworks",
					"@loader_path/Frameworks",
				);
				PRODUCT_BUNDLE_IDENTIFIER = "com.kduncan-welke.Space-LogTests";
				PRODUCT_NAME = "$(TARGET_NAME)";
				SWIFT_VERSION = 5.0;
				TARGETED_DEVICE_FAMILY = "1,2";
				TEST_HOST = "$(BUILT_PRODUCTS_DIR)/Space Log.app/Space Log";
			};
			name = Release;
		};
/* End XCBuildConfiguration section */

/* Begin XCConfigurationList section */
		2DC47C2A22BAE45800315A1F /* Build configuration list for PBXProject "Space Log" */ = {
			isa = XCConfigurationList;
			buildConfigurations = (
				2DC47C4C22BAE45A00315A1F /* Debug */,
				2DC47C4D22BAE45A00315A1F /* Release */,
			);
			defaultConfigurationIsVisible = 0;
			defaultConfigurationName = Release;
		};
		2DC47C4E22BAE45A00315A1F /* Build configuration list for PBXNativeTarget "Space Log" */ = {
			isa = XCConfigurationList;
			buildConfigurations = (
				2DC47C4F22BAE45A00315A1F /* Debug */,
				2DC47C5022BAE45A00315A1F /* Release */,
			);
			defaultConfigurationIsVisible = 0;
			defaultConfigurationName = Release;
		};
		2DC47C5122BAE45A00315A1F /* Build configuration list for PBXNativeTarget "Space LogTests" */ = {
			isa = XCConfigurationList;
			buildConfigurations = (
				2DC47C5222BAE45A00315A1F /* Debug */,
				2DC47C5322BAE45A00315A1F /* Release */,
			);
			defaultConfigurationIsVisible = 0;
			defaultConfigurationName = Release;
		};
/* End XCConfigurationList section */

/* Begin XCVersionGroup section */
		2DC47C5422BAE5E800315A1F /* Entry.xcdatamodeld */ = {
			isa = XCVersionGroup;
			children = (
				2DC47C5522BAE5E800315A1F /* Entry.xcdatamodel */,
			);
			currentVersion = 2DC47C5522BAE5E800315A1F /* Entry.xcdatamodel */;
			path = Entry.xcdatamodeld;
			sourceTree = "<group>";
			versionGroupType = wrapper.xcdatamodel;
		};
/* End XCVersionGroup section */
	};
	rootObject = 2DC47C2722BAE45800315A1F /* Project object */;
}
